
Microsoft Visual Studio Solution File, Format Version 12.00
# Visual Studio Version 17
VisualStudioVersion = 17.2.32422.2
MinimumVisualStudioVersion = 10.0.40219.1
Project("{9A19103F-16F7-4668-BE54-9A1E7A4F7556}") = "NoPortal", "NoPortal.csproj", "{733A44FB-74A3-4CFA-B000-34104210E2E8}"
EndProject
Global
	GlobalSection(SolutionConfigurationPlatforms) = preSolution
		Debug|Any CPU = Debug|Any CPU
		Release|Any CPU = Release|Any CPU
	EndGlobalSection
	GlobalSection(ProjectConfigurationPlatforms) = postSolution
		{733A44FB-74A3-4CFA-B000-34104210E2E8}.Debug|Any CPU.ActiveCfg = Debug|Any CPU
		{733A44FB-74A3-4CFA-B000-34104210E2E8}.Debug|Any CPU.Build.0 = Debug|Any CPU
		{733A44FB-74A3-4CFA-B000-34104210E2E8}.Release|Any CPU.ActiveCfg = Release|Any CPU
		{733A44FB-74A3-4CFA-B000-34104210E2E8}.Release|Any CPU.Build.0 = Release|Any CPU
	EndGlobalSection
	GlobalSection(SolutionProperties) = preSolution
		HideSolutionNode = FALSE
	EndGlobalSection
	GlobalSection(ExtensibilityGlobals) = postSolution
		SolutionGuid = {9E769738-2C10-4BD8-991A-4EC4B5741AA5}
	EndGlobalSection
EndGlobal
